{
  "requires": true,
  "lockfileVersion": 1,
  "dependencies": {
    "@ionic-native/toast": {
      "version": "5.31.1",
      "resolved": "https://registry.npmjs.org/@ionic-native/toast/-/toast-5.31.1.tgz",
      "integrity": "sha512-hqoajPhnbCaMyijzml8Gf4vXsG4YbNv3nItiJGgngcqhZodm3GFpqhktvby5nzuGcIsDj+v4s2gGZJbORC0lzg==",
      "requires": {
        "@types/cordova": "^0.0.34"
      }
    },
    "@types/cordova": {
      "version": "0.0.34",
      "resolved": "https://registry.npmjs.org/@types/cordova/-/cordova-0.0.34.tgz",
      "integrity": "sha1-6nrd907Ow9dimCegw54smt3HPQQ="
    }
  }
}
